
Microsoft Visual Studio Solution File, Format Version 12.00
# Visual Studio Version 17
VisualStudioVersion = 17.11.35219.272
MinimumVisualStudioVersion = 10.0.40219.1
Project("{FAE04EC0-301F-11D3-BF4B-00C04F79EFBC}") = "HospitalProyect", "HospitalProyect.csproj", "{6B3CC2BB-F6DB-46C5-8036-34607BC9DD3D}"
EndProject
Global
	GlobalSection(SolutionConfigurationPlatforms) = preSolution
		Debug|Any CPU = Debug|Any CPU
		Release|Any CPU = Release|Any CPU
	EndGlobalSection
	GlobalSection(ProjectConfigurationPlatforms) = postSolution
		{6B3CC2BB-F6DB-46C5-8036-34607BC9DD3D}.Debug|Any CPU.ActiveCfg = Debug|Any CPU
		{6B3CC2BB-F6DB-46C5-8036-34607BC9DD3D}.Debug|Any CPU.Build.0 = Debug|Any CPU
		{6B3CC2BB-F6DB-46C5-8036-34607BC9DD3D}.Release|Any CPU.ActiveCfg = Release|Any CPU
		{6B3CC2BB-F6DB-46C5-8036-34607BC9DD3D}.Release|Any CPU.Build.0 = Release|Any CPU
	EndGlobalSection
	GlobalSection(SolutionProperties) = preSolution
		HideSolutionNode = FALSE
	EndGlobalSection
	GlobalSection(ExtensibilityGlobals) = postSolution
		SolutionGuid = {BB630530-5CDD-451B-9F7C-B3C44A9B6FBB}
	EndGlobalSection
EndGlobal
